# This file is automatically @generated by Poetry 2.1.1 and should not be changed by hand.

[[package]]
name = "click"
version = "8.2.1"
description = "Composable command line interface toolkit"
optional = false
python-versions = ">=3.10"
groups = ["main"]
files = [
    {file = "click-8.2.1-py3-none-any.whl", hash = "sha256:61a3265b914e850b85317d0b3109c7f8cd35a670f963866005d6ef1d5175a12b"},
    {file = "click-8.2.1.tar.gz", hash = "sha256:27c491cc05d968d271d5a1db13e3b5a184636d9d930f148c50b038f0d0646202"},
]

[package.dependencies]
colorama = {version = "*", markers = "platform_system == \"Windows\""}

[[package]]
name = "colorama"
version = "0.4.6"
description = "Cross-platform colored terminal text."
optional = false
python-versions = "!=3.0.*,!=3.1.*,!=3.2.*,!=3.3.*,!=3.4.*,!=3.5.*,!=3.6.*,>=2.7"
groups = ["main"]
markers = "sys_platform == \"win32\" or platform_system == \"Windows\""
files = [
    {file = "colorama-0.4.6-py2.py3-none-any.whl", hash = "sha256:4f1d9991f5acc0ca119f9d443620b77f9d6b33703e51011c16baf57afb285fc6"},
    {file = "colorama-0.4.6.tar.gz", hash = "sha256:08695f5cb7ed6e0531a20572697297273c47b8cae5a63ffc6d6ed5c201be6e44"},
]

[[package]]
name = "loguru"
version = "0.7.3"
description = "Python logging made (stupidly) simple"
optional = false
python-versions = "<4.0,>=3.5"
groups = ["main"]
files = [
    {file = "loguru-0.7.3-py3-none-any.whl", hash = "sha256:31a33c10c8e1e10422bfd431aeb5d351c7cf7fa671e3c4df004162264b28220c"},
    {file = "loguru-0.7.3.tar.gz", hash = "sha256:19480589e77d47b8d85b2c827ad95d49bf31b0dcde16593892eb51dd18706eb6"},
]

[package.dependencies]
colorama = {version = ">=0.3.4", markers = "sys_platform == \"win32\""}
win32-setctime = {version = ">=1.0.0", markers = "sys_platform == \"win32\""}

[package.extras]
dev = ["Sphinx (==8.1.3) ; python_version >= \"3.11\"", "build (==1.2.2) ; python_version >= \"3.11\"", "colorama (==0.4.5) ; python_version < \"3.8\"", "colorama (==0.4.6) ; python_version >= \"3.8\"", "exceptiongroup (==1.1.3) ; python_version >= \"3.7\" and python_version < \"3.11\"", "freezegun (==1.1.0) ; python_version < \"3.8\"", "freezegun (==1.5.0) ; python_version >= \"3.8\"", "mypy (==v0.910) ; python_version < \"3.6\"", "mypy (==v0.971) ; python_version == \"3.6\"", "mypy (==v1.13.0) ; python_version >= \"3.8\"", "mypy (==v1.4.1) ; python_version == \"3.7\"", "myst-parser (==4.0.0) ; python_version >= \"3.11\"", "pre-commit (==4.0.1) ; python_version >= \"3.9\"", "pytest (==6.1.2) ; python_version < \"3.8\"", "pytest (==8.3.2) ; python_version >= \"3.8\"", "pytest-cov (==2.12.1) ; python_version < \"3.8\"", "pytest-cov (==5.0.0) ; python_version == \"3.8\"", "pytest-cov (==6.0.0) ; python_version >= \"3.9\"", "pytest-mypy-plugins (==1.9.3) ; python_version >= \"3.6\" and python_version < \"3.8\"", "pytest-mypy-plugins (==3.1.0) ; python_version >= \"3.8\"", "sphinx-rtd-theme (==3.0.2) ; python_version >= \"3.11\"", "tox (==3.27.1) ; python_version < \"3.8\"", "tox (==4.23.2) ; python_version >= \"3.8\"", "twine (==6.0.1) ; python_version >= \"3.11\""]

[[package]]
name = "python-dotenv"
version = "1.1.1"
description = "Read key-value pairs from a .env file and set them as environment variables"
optional = false
python-versions = ">=3.9"
groups = ["main"]
files = [
    {file = "python_dotenv-1.1.1-py3-none-any.whl", hash = "sha256:31f23644fe2602f88ff55e1f5c79ba497e01224ee7737937930c448e4d0e24dc"},
    {file = "python_dotenv-1.1.1.tar.gz", hash = "sha256:a8a6399716257f45be6a007360200409fce5cda2661e3dec71d23dc15f6189ab"},
]

[package.extras]
cli = ["click (>=5.0)"]

[[package]]
name = "ruff"
version = "0.12.8"
description = "An extremely fast Python linter and code formatter, written in Rust."
optional = false
python-versions = ">=3.7"
groups = ["dev"]
files = [
    {file = "ruff-0.12.8-py3-none-linux_armv6l.whl", hash = "sha256:63cb5a5e933fc913e5823a0dfdc3c99add73f52d139d6cd5cc8639d0e0465513"},
    {file = "ruff-0.12.8-py3-none-macosx_10_12_x86_64.whl", hash = "sha256:9a9bbe28f9f551accf84a24c366c1aa8774d6748438b47174f8e8565ab9dedbc"},
    {file = "ruff-0.12.8-py3-none-macosx_11_0_arm64.whl", hash = "sha256:2fae54e752a3150f7ee0e09bce2e133caf10ce9d971510a9b925392dc98d2fec"},
    {file = "ruff-0.12.8-py3-none-manylinux_2_17_aarch64.manylinux2014_aarch64.whl", hash = "sha256:c0acbcf01206df963d9331b5838fb31f3b44fa979ee7fa368b9b9057d89f4a53"},
    {file = "ruff-0.12.8-py3-none-manylinux_2_17_armv7l.manylinux2014_armv7l.whl", hash = "sha256:ae3e7504666ad4c62f9ac8eedb52a93f9ebdeb34742b8b71cd3cccd24912719f"},
    {file = "ruff-0.12.8-py3-none-manylinux_2_17_i686.manylinux2014_i686.whl", hash = "sha256:cb82efb5d35d07497813a1c5647867390a7d83304562607f3579602fa3d7d46f"},
    {file = "ruff-0.12.8-py3-none-manylinux_2_17_ppc64.manylinux2014_ppc64.whl", hash = "sha256:dbea798fc0065ad0b84a2947b0aff4233f0cb30f226f00a2c5850ca4393de609"},
    {file = "ruff-0.12.8-py3-none-manylinux_2_17_ppc64le.manylinux2014_ppc64le.whl", hash = "sha256:49ebcaccc2bdad86fd51b7864e3d808aad404aab8df33d469b6e65584656263a"},
    {file = "ruff-0.12.8-py3-none-manylinux_2_17_s390x.manylinux2014_s390x.whl", hash = "sha256:0ac9c570634b98c71c88cb17badd90f13fc076a472ba6ef1d113d8ed3df109fb"},
    {file = "ruff-0.12.8-py3-none-manylinux_2_17_x86_64.manylinux2014_x86_64.whl", hash = "sha256:560e0cd641e45591a3e42cb50ef61ce07162b9c233786663fdce2d8557d99818"},
    {file = "ruff-0.12.8-py3-none-musllinux_1_2_aarch64.whl", hash = "sha256:71c83121512e7743fba5a8848c261dcc454cafb3ef2934a43f1b7a4eb5a447ea"},
    {file = "ruff-0.12.8-py3-none-musllinux_1_2_armv7l.whl", hash = "sha256:de4429ef2ba091ecddedd300f4c3f24bca875d3d8b23340728c3cb0da81072c3"},
    {file = "ruff-0.12.8-py3-none-musllinux_1_2_i686.whl", hash = "sha256:a2cab5f60d5b65b50fba39a8950c8746df1627d54ba1197f970763917184b161"},
    {file = "ruff-0.12.8-py3-none-musllinux_1_2_x86_64.whl", hash = "sha256:45c32487e14f60b88aad6be9fd5da5093dbefb0e3e1224131cb1d441d7cb7d46"},
    {file = "ruff-0.12.8-py3-none-win32.whl", hash = "sha256:daf3475060a617fd5bc80638aeaf2f5937f10af3ec44464e280a9d2218e720d3"},
    {file = "ruff-0.12.8-py3-none-win_amd64.whl", hash = "sha256:7209531f1a1fcfbe8e46bcd7ab30e2f43604d8ba1c49029bb420b103d0b5f76e"},
    {file = "ruff-0.12.8-py3-none-win_arm64.whl", hash = "sha256:c90e1a334683ce41b0e7a04f41790c429bf5073b62c1ae701c9dc5b3d14f0749"},
    {file = "ruff-0.12.8.tar.gz", hash = "sha256:4cb3a45525176e1009b2b64126acf5f9444ea59066262791febf55e40493a033"},
]

[[package]]
name = "win32-setctime"
version = "1.2.0"
description = "A small Python utility to set file creation time on Windows"
optional = false
python-versions = ">=3.5"
groups = ["main"]
markers = "sys_platform == \"win32\""
files = [
    {file = "win32_setctime-1.2.0-py3-none-any.whl", hash = "sha256:95d644c4e708aba81dc3704a116d8cbc974d70b3bdb8be1d150e36be6e9d1390"},
    {file = "win32_setctime-1.2.0.tar.gz", hash = "sha256:ae1fdf948f5640aae05c511ade119313fb6a30d7eabe25fef9764dca5873c4c0"},
]

[package.extras]
dev = ["black (>=19.3b0) ; python_version >= \"3.6\"", "pytest (>=4.6.2)"]

[metadata]
lock-version = "2.1"
python-versions = ">=3.10,<4.0"
content-hash = "038caffff53a8131c41307b291cac46b7064044cfeb19fadf6e48c90726c5a96"
